
Microsoft Visual Studio Solution File, Format Version 12.00
# Visual Studio Version 17
VisualStudioVersion = 17.4.33205.214
MinimumVisualStudioVersion = 10.0.40219.1
Project("{FAE04EC0-301F-11D3-BF4B-00C04F79EFBC}") = "BT_07-02", "BT_07-02\BT_07-02.csproj", "{A9770C5D-05C0-49BB-843A-46ACABC62D65}"
EndProject
Global
	GlobalSection(SolutionConfigurationPlatforms) = preSolution
		Debug|Any CPU = Debug|Any CPU
		Release|Any CPU = Release|Any CPU
	EndGlobalSection
	GlobalSection(ProjectConfigurationPlatforms) = postSolution
		{A9770C5D-05C0-49BB-843A-46ACABC62D65}.Debug|Any CPU.ActiveCfg = Debug|Any CPU
		{A9770C5D-05C0-49BB-843A-46ACABC62D65}.Debug|Any CPU.Build.0 = Debug|Any CPU
		{A9770C5D-05C0-49BB-843A-46ACABC62D65}.Release|Any CPU.ActiveCfg = Release|Any CPU
		{A9770C5D-05C0-49BB-843A-46ACABC62D65}.Release|Any CPU.Build.0 = Release|Any CPU
	EndGlobalSection
	GlobalSection(SolutionProperties) = preSolution
		HideSolutionNode = FALSE
	EndGlobalSection
	GlobalSection(ExtensibilityGlobals) = postSolution
		SolutionGuid = {EE338349-0474-4D25-A89B-0B63E89F4E83}
	EndGlobalSection
EndGlobal
