
Microsoft Visual Studio Solution File, Format Version 12.00
# Visual Studio Version 17
VisualStudioVersion = 17.7.34031.279
MinimumVisualStudioVersion = 10.0.40219.1
Project("{FAE04EC0-301F-11D3-BF4B-00C04F79EFBC}") = "lab04", "lab04\lab04.csproj", "{F9F8385D-0D0F-417E-92E4-832E1AA2A0E2}"
EndProject
Global
	GlobalSection(SolutionConfigurationPlatforms) = preSolution
		Debug|Any CPU = Debug|Any CPU
		Release|Any CPU = Release|Any CPU
	EndGlobalSection
	GlobalSection(ProjectConfigurationPlatforms) = postSolution
		{F9F8385D-0D0F-417E-92E4-832E1AA2A0E2}.Debug|Any CPU.ActiveCfg = Debug|Any CPU
		{F9F8385D-0D0F-417E-92E4-832E1AA2A0E2}.Debug|Any CPU.Build.0 = Debug|Any CPU
		{F9F8385D-0D0F-417E-92E4-832E1AA2A0E2}.Release|Any CPU.ActiveCfg = Release|Any CPU
		{F9F8385D-0D0F-417E-92E4-832E1AA2A0E2}.Release|Any CPU.Build.0 = Release|Any CPU
	EndGlobalSection
	GlobalSection(SolutionProperties) = preSolution
		HideSolutionNode = FALSE
	EndGlobalSection
	GlobalSection(ExtensibilityGlobals) = postSolution
		SolutionGuid = {B743D7B3-D826-4876-842B-56774981461D}
	EndGlobalSection
EndGlobal
