
Microsoft Visual Studio Solution File, Format Version 12.00
# Visual Studio Version 17
VisualStudioVersion = 17.7.34031.279
MinimumVisualStudioVersion = 10.0.40219.1
Project("{FAE04EC0-301F-11D3-BF4B-00C04F79EFBC}") = "lab05", "lab05\lab05.csproj", "{DB4B5E86-540D-4F85-AF09-FFD07D410338}"
EndProject
Global
	GlobalSection(SolutionConfigurationPlatforms) = preSolution
		Debug|Any CPU = Debug|Any CPU
		Release|Any CPU = Release|Any CPU
	EndGlobalSection
	GlobalSection(ProjectConfigurationPlatforms) = postSolution
		{DB4B5E86-540D-4F85-AF09-FFD07D410338}.Debug|Any CPU.ActiveCfg = Debug|Any CPU
		{DB4B5E86-540D-4F85-AF09-FFD07D410338}.Debug|Any CPU.Build.0 = Debug|Any CPU
		{DB4B5E86-540D-4F85-AF09-FFD07D410338}.Release|Any CPU.ActiveCfg = Release|Any CPU
		{DB4B5E86-540D-4F85-AF09-FFD07D410338}.Release|Any CPU.Build.0 = Release|Any CPU
	EndGlobalSection
	GlobalSection(SolutionProperties) = preSolution
		HideSolutionNode = FALSE
	EndGlobalSection
	GlobalSection(ExtensibilityGlobals) = postSolution
		SolutionGuid = {A301DA38-EF94-4BA4-820E-9302DBCE395A}
	EndGlobalSection
EndGlobal
