
Microsoft Visual Studio Solution File, Format Version 12.00
# Visual Studio Version 17
VisualStudioVersion = 17.7.34031.279
MinimumVisualStudioVersion = 10.0.40219.1
Project("{FAE04EC0-301F-11D3-BF4B-00C04F79EFBC}") = "lab06_tulam", "lab06_tulam\lab06_tulam.csproj", "{55F640F4-AD9F-4250-B8DA-81807476686A}"
EndProject
Global
	GlobalSection(SolutionConfigurationPlatforms) = preSolution
		Debug|Any CPU = Debug|Any CPU
		Release|Any CPU = Release|Any CPU
	EndGlobalSection
	GlobalSection(ProjectConfigurationPlatforms) = postSolution
		{55F640F4-AD9F-4250-B8DA-81807476686A}.Debug|Any CPU.ActiveCfg = Debug|Any CPU
		{55F640F4-AD9F-4250-B8DA-81807476686A}.Debug|Any CPU.Build.0 = Debug|Any CPU
		{55F640F4-AD9F-4250-B8DA-81807476686A}.Release|Any CPU.ActiveCfg = Release|Any CPU
		{55F640F4-AD9F-4250-B8DA-81807476686A}.Release|Any CPU.Build.0 = Release|Any CPU
	EndGlobalSection
	GlobalSection(SolutionProperties) = preSolution
		HideSolutionNode = FALSE
	EndGlobalSection
	GlobalSection(ExtensibilityGlobals) = postSolution
		SolutionGuid = {74AB50BD-0A2F-4C20-AD17-310A25312C20}
	EndGlobalSection
EndGlobal
