
Microsoft Visual Studio Solution File, Format Version 12.00
# Visual Studio Version 17
VisualStudioVersion = 17.4.33205.214
MinimumVisualStudioVersion = 10.0.40219.1
Project("{FAE04EC0-301F-11D3-BF4B-00C04F79EFBC}") = "BTNV", "BTNV\BTNV.csproj", "{7F9D4C06-8CE9-48B8-B0F5-FE306C2C0462}"
EndProject
Global
	GlobalSection(SolutionConfigurationPlatforms) = preSolution
		Debug|Any CPU = Debug|Any CPU
		Release|Any CPU = Release|Any CPU
	EndGlobalSection
	GlobalSection(ProjectConfigurationPlatforms) = postSolution
		{7F9D4C06-8CE9-48B8-B0F5-FE306C2C0462}.Debug|Any CPU.ActiveCfg = Debug|Any CPU
		{7F9D4C06-8CE9-48B8-B0F5-FE306C2C0462}.Debug|Any CPU.Build.0 = Debug|Any CPU
		{7F9D4C06-8CE9-48B8-B0F5-FE306C2C0462}.Release|Any CPU.ActiveCfg = Release|Any CPU
		{7F9D4C06-8CE9-48B8-B0F5-FE306C2C0462}.Release|Any CPU.Build.0 = Release|Any CPU
	EndGlobalSection
	GlobalSection(SolutionProperties) = preSolution
		HideSolutionNode = FALSE
	EndGlobalSection
	GlobalSection(ExtensibilityGlobals) = postSolution
		SolutionGuid = {C2CD5360-F20E-459E-8416-D6AE79DE614C}
	EndGlobalSection
EndGlobal
