
Microsoft Visual Studio Solution File, Format Version 12.00
# Visual Studio Version 17
VisualStudioVersion = 17.4.33213.308
MinimumVisualStudioVersion = 10.0.40219.1
Project("{9A19103F-16F7-4668-BE54-9A1E7A4F7556}") = "CSharpDEV", "CSharpDEV\CSharpDEV.csproj", "{08ABA681-008B-4278-829E-124CB2BB571D}"
EndProject
Project("{9A19103F-16F7-4668-BE54-9A1E7A4F7556}") = "Lession01", "Lession01\Lession01.csproj", "{B28DC605-3DED-4103-8C72-D6ACB043FA4E}"
EndProject
Project("{9A19103F-16F7-4668-BE54-9A1E7A4F7556}") = "Lession1_lab1", "Lession1_lab1\Lession1_lab1.csproj", "{5DFB04C8-F0DF-495B-9958-7262FF37CC2C}"
EndProject
Project("{9A19103F-16F7-4668-BE54-9A1E7A4F7556}") = "lap2_bai2.1", "lap2_bai2.1\lap2_bai2.1.csproj", "{909824D9-2315-4D61-BB57-BAF8CF239400}"
EndProject
Project("{2150E333-8FDC-42A3-9474-1A3956D46DE8}") = "lab2", "lab2", "{AB538B96-9336-4637-994C-73F1F4C7577D}"
EndProject
Project("{9A19103F-16F7-4668-BE54-9A1E7A4F7556}") = "lab2_bai2.2", "lab2_bai2.2\lab2_bai2.2.csproj", "{2A2A1B77-0D6B-43D3-89C2-F95D7A045788}"
EndProject
Project("{9A19103F-16F7-4668-BE54-9A1E7A4F7556}") = "bai2.3", "bai2.3\bai2.3.csproj", "{4ABDC448-9486-47A0-A40D-17C7AC9250A6}"
EndProject
Project("{9A19103F-16F7-4668-BE54-9A1E7A4F7556}") = "bai2.4", "bai2.4\bai2.4.csproj", "{D1B7E5C7-9F96-4697-935F-0A3B30B48D4B}"
EndProject
Project("{9A19103F-16F7-4668-BE54-9A1E7A4F7556}") = "bai2.5", "bai2.5\bai2.5.csproj", "{4E6FA9DB-9B1D-4954-B8AF-ED8009F82B52}"
EndProject
Project("{9A19103F-16F7-4668-BE54-9A1E7A4F7556}") = "bai2.6", "bai2.6\bai2.6.csproj", "{3E45666C-4EAA-4CA2-99CA-C583DF0A5027}"
EndProject
Project("{FAE04EC0-301F-11D3-BF4B-00C04F79EFBC}") = "tulam2.1", "tulam2.1\tulam2.1.csproj", "{809B30E2-8CF2-4AB4-B3E1-5A9BBE0FA8D0}"
EndProject
Global
	GlobalSection(SolutionConfigurationPlatforms) = preSolution
		Debug|Any CPU = Debug|Any CPU
		Release|Any CPU = Release|Any CPU
	EndGlobalSection
	GlobalSection(ProjectConfigurationPlatforms) = postSolution
		{08ABA681-008B-4278-829E-124CB2BB571D}.Debug|Any CPU.ActiveCfg = Debug|Any CPU
		{08ABA681-008B-4278-829E-124CB2BB571D}.Debug|Any CPU.Build.0 = Debug|Any CPU
		{08ABA681-008B-4278-829E-124CB2BB571D}.Release|Any CPU.ActiveCfg = Release|Any CPU
		{08ABA681-008B-4278-829E-124CB2BB571D}.Release|Any CPU.Build.0 = Release|Any CPU
		{B28DC605-3DED-4103-8C72-D6ACB043FA4E}.Debug|Any CPU.ActiveCfg = Debug|Any CPU
		{B28DC605-3DED-4103-8C72-D6ACB043FA4E}.Debug|Any CPU.Build.0 = Debug|Any CPU
		{B28DC605-3DED-4103-8C72-D6ACB043FA4E}.Release|Any CPU.ActiveCfg = Release|Any CPU
		{B28DC605-3DED-4103-8C72-D6ACB043FA4E}.Release|Any CPU.Build.0 = Release|Any CPU
		{5DFB04C8-F0DF-495B-9958-7262FF37CC2C}.Debug|Any CPU.ActiveCfg = Debug|Any CPU
		{5DFB04C8-F0DF-495B-9958-7262FF37CC2C}.Debug|Any CPU.Build.0 = Debug|Any CPU
		{5DFB04C8-F0DF-495B-9958-7262FF37CC2C}.Release|Any CPU.ActiveCfg = Release|Any CPU
		{5DFB04C8-F0DF-495B-9958-7262FF37CC2C}.Release|Any CPU.Build.0 = Release|Any CPU
		{909824D9-2315-4D61-BB57-BAF8CF239400}.Debug|Any CPU.ActiveCfg = Debug|Any CPU
		{909824D9-2315-4D61-BB57-BAF8CF239400}.Debug|Any CPU.Build.0 = Debug|Any CPU
		{909824D9-2315-4D61-BB57-BAF8CF239400}.Release|Any CPU.ActiveCfg = Release|Any CPU
		{909824D9-2315-4D61-BB57-BAF8CF239400}.Release|Any CPU.Build.0 = Release|Any CPU
		{2A2A1B77-0D6B-43D3-89C2-F95D7A045788}.Debug|Any CPU.ActiveCfg = Debug|Any CPU
		{2A2A1B77-0D6B-43D3-89C2-F95D7A045788}.Debug|Any CPU.Build.0 = Debug|Any CPU
		{2A2A1B77-0D6B-43D3-89C2-F95D7A045788}.Release|Any CPU.ActiveCfg = Release|Any CPU
		{2A2A1B77-0D6B-43D3-89C2-F95D7A045788}.Release|Any CPU.Build.0 = Release|Any CPU
		{4ABDC448-9486-47A0-A40D-17C7AC9250A6}.Debug|Any CPU.ActiveCfg = Debug|Any CPU
		{4ABDC448-9486-47A0-A40D-17C7AC9250A6}.Debug|Any CPU.Build.0 = Debug|Any CPU
		{4ABDC448-9486-47A0-A40D-17C7AC9250A6}.Release|Any CPU.ActiveCfg = Release|Any CPU
		{4ABDC448-9486-47A0-A40D-17C7AC9250A6}.Release|Any CPU.Build.0 = Release|Any CPU
		{D1B7E5C7-9F96-4697-935F-0A3B30B48D4B}.Debug|Any CPU.ActiveCfg = Debug|Any CPU
		{D1B7E5C7-9F96-4697-935F-0A3B30B48D4B}.Debug|Any CPU.Build.0 = Debug|Any CPU
		{D1B7E5C7-9F96-4697-935F-0A3B30B48D4B}.Release|Any CPU.ActiveCfg = Release|Any CPU
		{D1B7E5C7-9F96-4697-935F-0A3B30B48D4B}.Release|Any CPU.Build.0 = Release|Any CPU
		{4E6FA9DB-9B1D-4954-B8AF-ED8009F82B52}.Debug|Any CPU.ActiveCfg = Debug|Any CPU
		{4E6FA9DB-9B1D-4954-B8AF-ED8009F82B52}.Debug|Any CPU.Build.0 = Debug|Any CPU
		{4E6FA9DB-9B1D-4954-B8AF-ED8009F82B52}.Release|Any CPU.ActiveCfg = Release|Any CPU
		{4E6FA9DB-9B1D-4954-B8AF-ED8009F82B52}.Release|Any CPU.Build.0 = Release|Any CPU
		{3E45666C-4EAA-4CA2-99CA-C583DF0A5027}.Debug|Any CPU.ActiveCfg = Debug|Any CPU
		{3E45666C-4EAA-4CA2-99CA-C583DF0A5027}.Debug|Any CPU.Build.0 = Debug|Any CPU
		{3E45666C-4EAA-4CA2-99CA-C583DF0A5027}.Release|Any CPU.ActiveCfg = Release|Any CPU
		{3E45666C-4EAA-4CA2-99CA-C583DF0A5027}.Release|Any CPU.Build.0 = Release|Any CPU
		{809B30E2-8CF2-4AB4-B3E1-5A9BBE0FA8D0}.Debug|Any CPU.ActiveCfg = Debug|Any CPU
		{809B30E2-8CF2-4AB4-B3E1-5A9BBE0FA8D0}.Debug|Any CPU.Build.0 = Debug|Any CPU
		{809B30E2-8CF2-4AB4-B3E1-5A9BBE0FA8D0}.Release|Any CPU.ActiveCfg = Release|Any CPU
		{809B30E2-8CF2-4AB4-B3E1-5A9BBE0FA8D0}.Release|Any CPU.Build.0 = Release|Any CPU
	EndGlobalSection
	GlobalSection(SolutionProperties) = preSolution
		HideSolutionNode = FALSE
	EndGlobalSection
	GlobalSection(NestedProjects) = preSolution
		{909824D9-2315-4D61-BB57-BAF8CF239400} = {AB538B96-9336-4637-994C-73F1F4C7577D}
		{2A2A1B77-0D6B-43D3-89C2-F95D7A045788} = {AB538B96-9336-4637-994C-73F1F4C7577D}
		{4ABDC448-9486-47A0-A40D-17C7AC9250A6} = {AB538B96-9336-4637-994C-73F1F4C7577D}
		{D1B7E5C7-9F96-4697-935F-0A3B30B48D4B} = {AB538B96-9336-4637-994C-73F1F4C7577D}
		{4E6FA9DB-9B1D-4954-B8AF-ED8009F82B52} = {AB538B96-9336-4637-994C-73F1F4C7577D}
		{3E45666C-4EAA-4CA2-99CA-C583DF0A5027} = {AB538B96-9336-4637-994C-73F1F4C7577D}
		{809B30E2-8CF2-4AB4-B3E1-5A9BBE0FA8D0} = {AB538B96-9336-4637-994C-73F1F4C7577D}
	EndGlobalSection
	GlobalSection(ExtensibilityGlobals) = postSolution
		SolutionGuid = {EFA58F73-95DC-4801-AB67-C1A1A9B9930F}
	EndGlobalSection
EndGlobal
