
Microsoft Visual Studio Solution File, Format Version 12.00
# Visual Studio Version 17
VisualStudioVersion = 17.7.34031.279
MinimumVisualStudioVersion = 10.0.40219.1
Project("{FAE04EC0-301F-11D3-BF4B-00C04F79EFBC}") = "lab06", "lab06\lab06.csproj", "{F86EC91B-FF2C-4CAB-9D28-64221DB105C0}"
EndProject
Global
	GlobalSection(SolutionConfigurationPlatforms) = preSolution
		Debug|Any CPU = Debug|Any CPU
		Release|Any CPU = Release|Any CPU
	EndGlobalSection
	GlobalSection(ProjectConfigurationPlatforms) = postSolution
		{F86EC91B-FF2C-4CAB-9D28-64221DB105C0}.Debug|Any CPU.ActiveCfg = Debug|Any CPU
		{F86EC91B-FF2C-4CAB-9D28-64221DB105C0}.Debug|Any CPU.Build.0 = Debug|Any CPU
		{F86EC91B-FF2C-4CAB-9D28-64221DB105C0}.Release|Any CPU.ActiveCfg = Release|Any CPU
		{F86EC91B-FF2C-4CAB-9D28-64221DB105C0}.Release|Any CPU.Build.0 = Release|Any CPU
	EndGlobalSection
	GlobalSection(SolutionProperties) = preSolution
		HideSolutionNode = FALSE
	EndGlobalSection
	GlobalSection(ExtensibilityGlobals) = postSolution
		SolutionGuid = {5BBADD89-37A4-4AB2-93BD-069CBACB8A01}
	EndGlobalSection
EndGlobal
